// !$*UTF8*$!
{
	archiveVersion = 1;
	classes = {
	};
	objectVersion = 50;
	objects = {

/* Begin PBXBuildFile section */
		6D8E0A172335245E007C1848 /* secondscalculatorlab.c in Sources */ = {isa = PBXBuildFile; fileRef = 6D8E0A162335245E007C1848 /* secondscalculatorlab.c */; };
		6DFF6CE42333EC5E00761211 /* main.c in Sources */ = {isa = PBXBuildFile; fileRef = 6DFF6CE32333EC5E00761211 /* main.c */; };
		6DFF6CEC2333ED9A00761211 /* pythagoras.c in Sources */ = {isa = PBXBuildFile; fileRef = 6DFF6CEA2333ED9A00761211 /* pythagoras.c */; };
/* End PBXBuildFile section */

/* Begin PBXCopyFilesBuildPhase section */
		6DFF6CDE2333EC5E00761211 /* CopyFiles */ = {
			isa = PBXCopyFilesBuildPhase;
			buildActionMask = 2147483647;
			dstPath = /usr/share/man/man1/;
			dstSubfolderSpec = 0;
			files = (
			);
			runOnlyForDeploymentPostprocessing = 1;
		};
/* End PBXCopyFilesBuildPhase section */

/* Begin PBXFileReference section */
		6D8E0A152335245E007C1848 /* secondscalculatorlab.h */ = {isa = PBXFileReference; lastKnownFileType = sourcecode.c.h; path = secondscalculatorlab.h; sourceTree = "<group>"; };
		6D8E0A162335245E007C1848 /* secondscalculatorlab.c */ = {isa = PBXFileReference; lastKnownFileType = sourcecode.c.c; path = secondscalculatorlab.c; sourceTree = "<group>"; };
		6DFF6CE02333EC5E00761211 /* TVPortfolio */ = {isa = PBXFileReference; explicitFileType = "compiled.mach-o.executable"; includeInIndex = 0; path = TVPortfolio; sourceTree = BUILT_PRODUCTS_DIR; };
		6DFF6CE32333EC5E00761211 /* main.c */ = {isa = PBXFileReference; lastKnownFileType = sourcecode.c.c; path = main.c; sourceTree = "<group>"; };
		6DFF6CEA2333ED9A00761211 /* pythagoras.c */ = {isa = PBXFileReference; fileEncoding = 4; lastKnownFileType = sourcecode.c.c; path = pythagoras.c; sourceTree = "<group>"; };
		6DFF6CEB2333ED9A00761211 /* pythagoras.h */ = {isa = PBXFileReference; fileEncoding = 4; lastKnownFileType = sourcecode.c.h; path = pythagoras.h; sourceTree = "<group>"; };
/* End PBXFileReference section */

/* Begin PBXFrameworksBuildPhase section */
		6DFF6CDD2333EC5E00761211 /* Frameworks */ = {
			isa = PBXFrameworksBuildPhase;
			buildActionMask = 2147483647;
			files = (
			);
			runOnlyForDeploymentPostprocessing = 0;
		};
/* End PBXFrameworksBuildPhase section */

/* Begin PBXGroup section */
		6DFF6CD72333EC5E00761211 = {
			isa = PBXGroup;
			children = (
				6DFF6CE22333EC5E00761211 /* TVPortfolio */,
				6DFF6CE12333EC5E00761211 /* Products */,
			);
			sourceTree = "<group>";
		};
		6DFF6CE12333EC5E00761211 /* Products */ = {
			isa = PBXGroup;
			children = (
				6DFF6CE02333EC5E00761211 /* TVPortfolio */,
			);
			name = Products;
			sourceTree = "<group>";
		};
		6DFF6CE22333EC5E00761211 /* TVPortfolio */ = {
			isa = PBXGroup;
			children = (
				6DFF6CEA2333ED9A00761211 /* pythagoras.c */,
				6DFF6CEB2333ED9A00761211 /* pythagoras.h */,
				6DFF6CE32333EC5E00761211 /* main.c */,
				6D8E0A152335245E007C1848 /* secondscalculatorlab.h */,
				6D8E0A162335245E007C1848 /* secondscalculatorlab.c */,
			);
			path = TVPortfolio;
			sourceTree = "<group>";
		};
/* End PBXGroup section */

/* Begin PBXNativeTarget section */
		6DFF6CDF2333EC5E00761211 /* TVPortfolio */ = {
			isa = PBXNativeTarget;
			buildConfigurationList = 6DFF6CE72333EC5E00761211 /* Build configuration list for PBXNativeTarget "TVPortfolio" */;
			buildPhases = (
				6DFF6CDC2333EC5E00761211 /* Sources */,
				6DFF6CDD2333EC5E00761211 /* Frameworks */,
				6DFF6CDE2333EC5E00761211 /* CopyFiles */,
			);
			buildRules = (
			);
			dependencies = (
			);
			name = TVPortfolio;
			productName = TVPortfolio;
			productReference = 6DFF6CE02333EC5E00761211 /* TVPortfolio */;
			productType = "com.apple.product-type.tool";
		};
/* End PBXNativeTarget section */

/* Begin PBXProject section */
		6DFF6CD82333EC5E00761211 /* Project object */ = {
			isa = PBXProject;
			attributes = {
				LastUpgradeCheck = 1030;
				ORGANIZATIONNAME = T;
				TargetAttributes = {
					6DFF6CDF2333EC5E00761211 = {
						CreatedOnToolsVersion = 10.3;
					};
				};
			};
			buildConfigurationList = 6DFF6CDB2333EC5E00761211 /* Build configuration list for PBXProject "TVPortfolio" */;
			compatibilityVersion = "Xcode 9.3";
			developmentRegion = en;
			hasScannedForEncodings = 0;
			knownRegions = (
				en,
			);
			mainGroup = 6DFF6CD72333EC5E00761211;
			productRefGroup = 6DFF6CE12333EC5E00761211 /* Products */;
			projectDirPath = "";
			projectRoot = "";
			targets = (
				6DFF6CDF2333EC5E00761211 /* TVPortfolio */,
			);
		};
/* End PBXProject section */

/* Begin PBXSourcesBuildPhase section */
		6DFF6CDC2333EC5E00761211 /* Sources */ = {
			isa = PBXSourcesBuildPhase;
			buildActionMask = 2147483647;
			files = (
				6DFF6CE42333EC5E00761211 /* main.c in Sources */,
				6DFF6CEC2333ED9A00761211 /* pythagoras.c in Sources */,
				6D8E0A172335245E007C1848 /* secondscalculatorlab.c in Sources */,
			);
			runOnlyForDeploymentPostprocessing = 0;
		};
/* End PBXSourcesBuildPhase section */

/* Begin XCBuildConfiguration section */
		6DFF6CE52333EC5E00761211 /* Debug */ = {
			isa = XCBuildConfiguration;
			buildSettings = {
				ALWAYS_SEARCH_USER_PATHS = NO;
				CLANG_ANALYZER_NONNULL = YES;
				CLANG_ANALYZER_NUMBER_OBJECT_CONVERSION = YES_AGGRESSIVE;
				CLANG_CXX_LANGUAGE_STANDARD = "gnu++14";
				CLANG_CXX_LIBRARY = "libc++";
				CLANG_ENABLE_MODULES = YES;
				CLANG_ENABLE_OBJC_ARC = YES;
				CLANG_ENABLE_OBJC_WEAK = YES;
				CLANG_WARN_BLOCK_CAPTURE_AUTORELEASING = YES;
				CLANG_WARN_BOOL_CONVERSION = YES;
				CLANG_WARN_COMMA = YES;
				CLANG_WARN_CONSTANT_CONVERSION = YES;
				CLANG_WARN_DEPRECATED_OBJC_IMPLEMENTATIONS = YES;
				CLANG_WARN_DIRECT_OBJC_ISA_USAGE = YES_ERROR;
				CLANG_WARN_DOCUMENTATION_COMMENTS = YES;
				CLANG_WARN_EMPTY_BODY = YES;
				CLANG_WARN_ENUM_CONVERSION = YES;
				CLANG_WARN_INFINITE_RECURSION = YES;
				CLANG_WARN_INT_CONVERSION = YES;
				CLANG_WARN_NON_LITERAL_NULL_CONVERSION = YES;
				CLANG_WARN_OBJC_IMPLICIT_RETAIN_SELF = YES;
				CLANG_WARN_OBJC_LITERAL_CONVERSION = YES;
				CLANG_WARN_OBJC_ROOT_CLASS = YES_ERROR;
				CLANG_WARN_RANGE_LOOP_ANALYSIS = YES;
				CLANG_WARN_STRICT_PROTOTYPES = YES;
				CLANG_WARN_SUSPICIOUS_MOVE = YES;
				CLANG_WARN_UNGUARDED_AVAILABILITY = YES_AGGRESSIVE;
				CLANG_WARN_UNREACHABLE_CODE = YES;
				CLANG_WARN__DUPLICATE_METHOD_MATCH = YES;
				CODE_SIGN_IDENTITY = "-";
				COPY_PHASE_STRIP = NO;
				DEBUG_INFORMATION_FORMAT = dwarf;
				ENABLE_STRICT_OBJC_MSGSEND = YES;
				ENABLE_TESTABILITY = YES;
				GCC_C_LANGUAGE_STANDARD = gnu11;
				GCC_DYNAMIC_NO_PIC = NO;
				GCC_NO_COMMON_BLOCKS = YES;
				GCC_OPTIMIZATION_LEVEL = 0;
				GCC_PREPROCESSOR_DEFINITIONS = (
					"DEBUG=1",
					"$(inherited)",
				);
				GCC_WARN_64_TO_32_BIT_CONVERSION = YES;
				GCC_WARN_ABOUT_RETURN_TYPE = YES_ERROR;
				GCC_WARN_UNDECLARED_SELECTOR = YES;
				GCC_WARN_UNINITIALIZED_AUTOS = YES_AGGRESSIVE;
				GCC_WARN_UNUSED_FUNCTION = YES;
				GCC_WARN_UNUSED_VARIABLE = YES;
				MACOSX_DEPLOYMENT_TARGET = 10.14;
				MTL_ENABLE_DEBUG_INFO = INCLUDE_SOURCE;
				MTL_FAST_MATH = YES;
				ONLY_ACTIVE_ARCH = YES;
				SDKROOT = macosx;
			};
			name = Debug;
		};
		6DFF6CE62333EC5E00761211 /* Release */ = {
			isa = XCBuildConfiguration;
			buildSettings = {
				ALWAYS_SEARCH_USER_PATHS = NO;
				CLANG_ANALYZER_NONNULL = YES;
				CLANG_ANALYZER_NUMBER_OBJECT_CONVERSION = YES_AGGRESSIVE;
				CLANG_CXX_LANGUAGE_STANDARD = "gnu++14";
				CLANG_CXX_LIBRARY = "libc++";
				CLANG_ENABLE_MODULES = YES;
				CLANG_ENABLE_OBJC_ARC = YES;
				CLANG_ENABLE_OBJC_WEAK = YES;
				CLANG_WARN_BLOCK_CAPTURE_AUTORELEASING = YES;
				CLANG_WARN_BOOL_CONVERSION = YES;
				CLANG_WARN_COMMA = YES;
				CLANG_WARN_CONSTANT_CONVERSION = YES;
				CLANG_WARN_DEPRECATED_OBJC_IMPLEMENTATIONS = YES;
				CLANG_WARN_DIRECT_OBJC_ISA_USAGE = YES_ERROR;
				CLANG_WARN_DOCUMENTATION_COMMENTS = YES;
				CLANG_WARN_EMPTY_BODY = YES;
				CLANG_WARN_ENUM_CONVERSION = YES;
				CLANG_WARN_INFINITE_RECURSION = YES;
				CLANG_WARN_INT_CONVERSION = YES;
				CLANG_WARN_NON_LITERAL_NULL_CONVERSION = YES;
				CLANG_WARN_OBJC_IMPLICIT_RETAIN_SELF = YES;
				CLANG_WARN_OBJC_LITERAL_CONVERSION = YES;
				CLANG_WARN_OBJC_ROOT_CLASS = YES_ERROR;
				CLANG_WARN_RANGE_LOOP_ANALYSIS = YES;
				CLANG_WARN_STRICT_PROTOTYPES = YES;
				CLANG_WARN_SUSPICIOUS_MOVE = YES;
				CLANG_WARN_UNGUARDED_AVAILABILITY = YES_AGGRESSIVE;
				CLANG_WARN_UNREACHABLE_CODE = YES;
				CLANG_WARN__DUPLICATE_METHOD_MATCH = YES;
				CODE_SIGN_IDENTITY = "-";
				COPY_PHASE_STRIP = NO;
				DEBUG_INFORMATION_FORMAT = "dwarf-with-dsym";
				ENABLE_NS_ASSERTIONS = NO;
				ENABLE_STRICT_OBJC_MSGSEND = YES;
				GCC_C_LANGUAGE_STANDARD = gnu11;
				GCC_NO_COMMON_BLOCKS = YES;
				GCC_WARN_64_TO_32_BIT_CONVERSION = YES;
				GCC_WARN_ABOUT_RETURN_TYPE = YES_ERROR;
				GCC_WARN_UNDECLARED_SELECTOR = YES;
				GCC_WARN_UNINITIALIZED_AUTOS = YES_AGGRESSIVE;
				GCC_WARN_UNUSED_FUNCTION = YES;
				GCC_WARN_UNUSED_VARIABLE = YES;
				MACOSX_DEPLOYMENT_TARGET = 10.14;
				MTL_ENABLE_DEBUG_INFO = NO;
				MTL_FAST_MATH = YES;
				SDKROOT = macosx;
			};
			name = Release;
		};
		6DFF6CE82333EC5E00761211 /* Debug */ = {
			isa = XCBuildConfiguration;
			buildSettings = {
				CODE_SIGN_STYLE = Automatic;
				PRODUCT_NAME = "$(TARGET_NAME)";
			};
			name = Debug;
		};
		6DFF6CE92333EC5E00761211 /* Release */ = {
			isa = XCBuildConfiguration;
			buildSettings = {
				CODE_SIGN_STYLE = Automatic;
				PRODUCT_NAME = "$(TARGET_NAME)";
			};
			name = Release;
		};
/* End XCBuildConfiguration section */

/* Begin XCConfigurationList section */
		6DFF6CDB2333EC5E00761211 /* Build configuration list for PBXProject "TVPortfolio" */ = {
			isa = XCConfigurationList;
			buildConfigurations = (
				6DFF6CE52333EC5E00761211 /* Debug */,
				6DFF6CE62333EC5E00761211 /* Release */,
			);
			defaultConfigurationIsVisible = 0;
			defaultConfigurationName = Release;
		};
		6DFF6CE72333EC5E00761211 /* Build configuration list for PBXNativeTarget "TVPortfolio" */ = {
			isa = XCConfigurationList;
			buildConfigurations = (
				6DFF6CE82333EC5E00761211 /* Debug */,
				6DFF6CE92333EC5E00761211 /* Release */,
			);
			defaultConfigurationIsVisible = 0;
			defaultConfigurationName = Release;
		};
/* End XCConfigurationList section */
	};
	rootObject = 6DFF6CD82333EC5E00761211 /* Project object */;
}
